<?xml version="1.0" encoding="UTF-8" standalone="yes" ?>
<CodeBlocks_project_file>
	<FileVersion major="1" minor="6" />
	<Project>
		<Option title="wallet" />
		<Option pch_mode="2" />
		<Option compiler="gcc" />
		<Build>
			<Target title="Debug">
				<Option output="bin/Debug/wallet" prefix_auto="1" extension_auto="1" />
				<Option object_output="obj/Debug/" />
				<Option type="1" />
				<Option compiler="gcc" />
				<Compiler>
					<Add option="-g" />
					<Add directory="include" />
				</Compiler>
			</Target>
			<Target title="Release">
				<Option output="bin/Release/wallet" prefix_auto="1" extension_auto="1" />
				<Option object_output="obj/Release/" />
				<Option type="1" />
				<Option compiler="gcc" />
				<Compiler>
					<Add option="-O2" />
					<Add directory="include" />
				</Compiler>
				<Linker>
					<Add option="-s" />
				</Linker>
			</Target>
		</Build>
		<Compiler>
			<Add option="-Wall" />
			<Add option="-fexceptions" />
		</Compiler>
		<Unit filename="Asset.cpp" />
		<Unit filename="Asset.h" />
		<Unit filename="BankDeposit.cpp" />
		<Unit filename="BankDeposit.h" />
		<Unit filename="Contract.cpp" />
		<Unit filename="Contract.h" />
		<Unit filename="Date.cpp" />
		<Unit filename="Date.h" />
		<Unit filename="FileWriter.cpp" />
		<Unit filename="FileWriter.h" />
		<Unit filename="IndividualRetirementAccount.cpp" />
		<Unit filename="IndividualRetirementAccount.h" />
		<Unit filename="Interface.cpp" />
		<Unit filename="Interface.h" />
		<Unit filename="InvestmentFundShare.cpp" />
		<Unit filename="InvestmentFundShare.h" />
		<Unit filename="RealEstate.cpp" />
		<Unit filename="RealEstate.h" />
		<Unit filename="Simulation.cpp" />
		<Unit filename="Simulation.h" />
		<Unit filename="Utils.cpp" />
		<Unit filename="Utils.h" />
		<Unit filename="Wallet.h" />
		<Unit filename="main.cpp" />
		<Extensions>
			<code_completion />
			<envvars />
			<debugger />
		</Extensions>
	</Project>
</CodeBlocks_project_file>
